// !$*UTF8*$!
{
	archiveVersion = 1;
	classes = {
	};
	objectVersion = 46;
	objects = {

/* Begin PBXBuildFile section */
		5439DCB41E7673D00093BE06 /* main.m in Sources */ = {isa = PBXBuildFile; fileRef = 5439DCB31E7673D00093BE06 /* main.m */; };
		5439DCB71E7673D00093BE06 /* AppDelegate.m in Sources */ = {isa = PBXBuildFile; fileRef = 5439DCB61E7673D00093BE06 /* AppDelegate.m */; };
		5439DCBA1E7673D00093BE06 /* ViewController.m in Sources */ = {isa = PBXBuildFile; fileRef = 5439DCB91E7673D00093BE06 /* ViewController.m */; };
		5439DCBD1E7673D00093BE06 /* Main.storyboard in Resources */ = {isa = PBXBuildFile; fileRef = 5439DCBB1E7673D00093BE06 /* Main.storyboard */; };
		5439DCBF1E7673D00093BE06 /* Assets.xcassets in Resources */ = {isa = PBXBuildFile; fileRef = 5439DCBE1E7673D00093BE06 /* Assets.xcassets */; };
		5439DCC21E7673D00093BE06 /* LaunchScreen.storyboard in Resources */ = {isa = PBXBuildFile; fileRef = 5439DCC01E7673D00093BE06 /* LaunchScreen.storyboard */; };
		5439DCCD1E7673D00093BE06 /* TODOListTests.m in Sources */ = {isa = PBXBuildFile; fileRef = 5439DCCC1E7673D00093BE06 /* TODOListTests.m */; };
		5439DCD81E7673D00093BE06 /* TODOListUITests.m in Sources */ = {isa = PBXBuildFile; fileRef = 5439DCD71E7673D00093BE06 /* TODOListUITests.m */; };
		5439DCF11E767FB50093BE06 /* GoalsViewController.m in Sources */ = {isa = PBXBuildFile; fileRef = 5439DCF01E767FB50093BE06 /* GoalsViewController.m */; };
		5439DCF41E76824A0093BE06 /* GoalModel.m in Sources */ = {isa = PBXBuildFile; fileRef = 5439DCF31E76824A0093BE06 /* GoalModel.m */; };
		5439DCFB1E768AD40093BE06 /* GoalTableViewCell.m in Sources */ = {isa = PBXBuildFile; fileRef = 5439DCF91E768AD40093BE06 /* GoalTableViewCell.m */; };
		5439DCFC1E768AD40093BE06 /* GoalTableViewCell.xib in Resources */ = {isa = PBXBuildFile; fileRef = 5439DCFA1E768AD40093BE06 /* GoalTableViewCell.xib */; };
		5439DD011E7691E00093BE06 /* common.storyboard in Resources */ = {isa = PBXBuildFile; fileRef = 5439DD001E7691E00093BE06 /* common.storyboard */; };
		5439DD041E7692710093BE06 /* TextEditViewController.m in Sources */ = {isa = PBXBuildFile; fileRef = 5439DD031E7692710093BE06 /* TextEditViewController.m */; };
		5439DD091E7694D30093BE06 /* Localizable.strings in Resources */ = {isa = PBXBuildFile; fileRef = 5439DD0B1E7694D30093BE06 /* Localizable.strings */; };
		5439DD111E76A4C90093BE06 /* GoalEditViewController.m in Sources */ = {isa = PBXBuildFile; fileRef = 5439DD101E76A4C90093BE06 /* GoalEditViewController.m */; };
		5439DD151E76A9200093BE06 /* UITextViewCell.m in Sources */ = {isa = PBXBuildFile; fileRef = 5439DD131E76A9200093BE06 /* UITextViewCell.m */; };
		5439DD161E76A9210093BE06 /* UITextViewCell.xib in Resources */ = {isa = PBXBuildFile; fileRef = 5439DD141E76A9200093BE06 /* UITextViewCell.xib */; };
		5439DD1E1E76A9CB0093BE06 /* UISwitchViewSection.m in Sources */ = {isa = PBXBuildFile; fileRef = 5439DD1D1E76A9CB0093BE06 /* UISwitchViewSection.m */; };
		5439DD201E76A9D60093BE06 /* UISwitchViewSection.xib in Resources */ = {isa = PBXBuildFile; fileRef = 5439DD1F1E76A9D60093BE06 /* UISwitchViewSection.xib */; };
		5439DD231E777BE90093BE06 /* TableCellModel.m in Sources */ = {isa = PBXBuildFile; fileRef = 5439DD221E777BE90093BE06 /* TableCellModel.m */; };
		5439DD261E777BF90093BE06 /* TableSectionModel.m in Sources */ = {isa = PBXBuildFile; fileRef = 5439DD251E777BF90093BE06 /* TableSectionModel.m */; };
		5439DD291E777F6F0093BE06 /* TableDataDelegate.m in Sources */ = {isa = PBXBuildFile; fileRef = 5439DD281E777F6F0093BE06 /* TableDataDelegate.m */; };
		5439DD2C1E77938A0093BE06 /* GoalContentVM.m in Sources */ = {isa = PBXBuildFile; fileRef = 5439DD2B1E77938A0093BE06 /* GoalContentVM.m */; };
		5439DD2F1E7794910093BE06 /* BaseTableViewCell.m in Sources */ = {isa = PBXBuildFile; fileRef = 5439DD2E1E7794910093BE06 /* BaseTableViewCell.m */; };
		5439DD331E77AEA70093BE06 /* TitleDetailTableViewCell.m in Sources */ = {isa = PBXBuildFile; fileRef = 5439DD311E77AEA70093BE06 /* TitleDetailTableViewCell.m */; };
		5439DD341E77AEA70093BE06 /* TitleDetailTableViewCell.xib in Resources */ = {isa = PBXBuildFile; fileRef = 5439DD321E77AEA70093BE06 /* TitleDetailTableViewCell.xib */; };
		5439DD371E77AF310093BE06 /* SelectDateVM.m in Sources */ = {isa = PBXBuildFile; fileRef = 5439DD361E77AF310093BE06 /* SelectDateVM.m */; };
		5439DD3A1E77B3470093BE06 /* DatePickerViewController.m in Sources */ = {isa = PBXBuildFile; fileRef = 5439DD391E77B3470093BE06 /* DatePickerViewController.m */; };
		5439DD3F1E77BB140093BE06 /* NSDate+NSString.m in Sources */ = {isa = PBXBuildFile; fileRef = 5439DD3E1E77BB140093BE06 /* NSDate+NSString.m */; };
		5439DD421E77BE110093BE06 /* BaseTableSection.m in Sources */ = {isa = PBXBuildFile; fileRef = 5439DD411E77BE110093BE06 /* BaseTableSection.m */; };
		5439DD451E77C09D0093BE06 /* GoalTipVM.m in Sources */ = {isa = PBXBuildFile; fileRef = 5439DD441E77C09D0093BE06 /* GoalTipVM.m */; };
		5439DD481E77D4290093BE06 /* SelectRepeatCellVM.m in Sources */ = {isa = PBXBuildFile; fileRef = 5439DD471E77D4290093BE06 /* SelectRepeatCellVM.m */; };
		5439DD4C1E77DDA10093BE06 /* SelectItem.m in Sources */ = {isa = PBXBuildFile; fileRef = 5439DD4B1E77DDA10093BE06 /* SelectItem.m */; };
		5439DD521E77DEEE0093BE06 /* SelectItemViewController.m in Sources */ = {isa = PBXBuildFile; fileRef = 5439DD511E77DEEE0093BE06 /* SelectItemViewController.m */; };
		5439DD541E77E20B0093BE06 /* GoalEnum.m in Sources */ = {isa = PBXBuildFile; fileRef = 5439DD531E77E20B0093BE06 /* GoalEnum.m */; };
		5439DD571E77F6D90093BE06 /* SettingViewController.m in Sources */ = {isa = PBXBuildFile; fileRef = 5439DD561E77F6D90093BE06 /* SettingViewController.m */; };
		5439DD5A1E77FBB10093BE06 /* NSString+Extension.m in Sources */ = {isa = PBXBuildFile; fileRef = 5439DD591E77FBB10093BE06 /* NSString+Extension.m */; };
		5439DD5D1E7801080093BE06 /* GoalBrowseViewController.m in Sources */ = {isa = PBXBuildFile; fileRef = 5439DD5C1E7801080093BE06 /* GoalBrowseViewController.m */; };
		5439DD611E7801F40093BE06 /* TitleTableViewCell.m in Sources */ = {isa = PBXBuildFile; fileRef = 5439DD5F1E7801F40093BE06 /* TitleTableViewCell.m */; };
		5439DD621E7801F40093BE06 /* TitleTableViewCell.xib in Resources */ = {isa = PBXBuildFile; fileRef = 5439DD601E7801F40093BE06 /* TitleTableViewCell.xib */; };
		5439DD651E78030E0093BE06 /* UITableView+Extension.m in Sources */ = {isa = PBXBuildFile; fileRef = 5439DD641E78030E0093BE06 /* UITableView+Extension.m */; };
		9E070E6ED891C240953199AC /* libPods-TODOListUITests.a in Frameworks */ = {isa = PBXBuildFile; fileRef = FC8BC10EAA811641F21D4A55 /* libPods-TODOListUITests.a */; };
		BC9F9E3BB1AA9DBA03A8A1C6 /* libPods-TODOListTests.a in Frameworks */ = {isa = PBXBuildFile; fileRef = 27DE6136EE70A7B97042316E /* libPods-TODOListTests.a */; };
		D7A993415A2B7AF427A6BDB7 /* libPods-TODOList.a in Frameworks */ = {isa = PBXBuildFile; fileRef = 7A32ECF9B93F4119E74B5E24 /* libPods-TODOList.a */; };
/* End PBXBuildFile section */

/* Begin PBXContainerItemProxy section */
		5439DCC91E7673D00093BE06 /* PBXContainerItemProxy */ = {
			isa = PBXContainerItemProxy;
			containerPortal = 5439DCA71E7673D00093BE06 /* Project object */;
			proxyType = 1;
			remoteGlobalIDString = 5439DCAE1E7673D00093BE06;
			remoteInfo = TODOList;
		};
		5439DCD41E7673D00093BE06 /* PBXContainerItemProxy */ = {
			isa = PBXContainerItemProxy;
			containerPortal = 5439DCA71E7673D00093BE06 /* Project object */;
			proxyType = 1;
			remoteGlobalIDString = 5439DCAE1E7673D00093BE06;
			remoteInfo = TODOList;
		};
/* End PBXContainerItemProxy section */

/* Begin PBXFileReference section */
		069F381C3269A5CC7EE8492E /* Pods-TODOList.debug.xcconfig */ = {isa = PBXFileReference; includeInIndex = 1; lastKnownFileType = text.xcconfig; name = "Pods-TODOList.debug.xcconfig"; path = "Pods/Target Support Files/Pods-TODOList/Pods-TODOList.debug.xcconfig"; sourceTree = "<group>"; };
		25524F422AA1EDDD92B4825F /* Pods-TODOListTests.release.xcconfig */ = {isa = PBXFileReference; includeInIndex = 1; lastKnownFileType = text.xcconfig; name = "Pods-TODOListTests.release.xcconfig"; path = "Pods/Target Support Files/Pods-TODOListTests/Pods-TODOListTests.release.xcconfig"; sourceTree = "<group>"; };
		27DE6136EE70A7B97042316E /* libPods-TODOListTests.a */ = {isa = PBXFileReference; explicitFileType = archive.ar; includeInIndex = 0; path = "libPods-TODOListTests.a"; sourceTree = BUILT_PRODUCTS_DIR; };
		48B1C33782FFED22C3137F15 /* Pods-TODOListUITests.debug.xcconfig */ = {isa = PBXFileReference; includeInIndex = 1; lastKnownFileType = text.xcconfig; name = "Pods-TODOListUITests.debug.xcconfig"; path = "Pods/Target Support Files/Pods-TODOListUITests/Pods-TODOListUITests.debug.xcconfig"; sourceTree = "<group>"; };
		4C3AD4E05396345EAE26075D /* Pods-TODOListTests.debug.xcconfig */ = {isa = PBXFileReference; includeInIndex = 1; lastKnownFileType = text.xcconfig; name = "Pods-TODOListTests.debug.xcconfig"; path = "Pods/Target Support Files/Pods-TODOListTests/Pods-TODOListTests.debug.xcconfig"; sourceTree = "<group>"; };
		5439DCAF1E7673D00093BE06 /* TODOList.app */ = {isa = PBXFileReference; explicitFileType = wrapper.application; includeInIndex = 0; path = TODOList.app; sourceTree = BUILT_PRODUCTS_DIR; };
		5439DCB31E7673D00093BE06 /* main.m */ = {isa = PBXFileReference; lastKnownFileType = sourcecode.c.objc; path = main.m; sourceTree = "<group>"; };
		5439DCB51E7673D00093BE06 /* AppDelegate.h */ = {isa = PBXFileReference; lastKnownFileType = sourcecode.c.h; path = AppDelegate.h; sourceTree = "<group>"; };
		5439DCB61E7673D00093BE06 /* AppDelegate.m */ = {isa = PBXFileReference; lastKnownFileType = sourcecode.c.objc; path = AppDelegate.m; sourceTree = "<group>"; };
		5439DCB81E7673D00093BE06 /* ViewController.h */ = {isa = PBXFileReference; lastKnownFileType = sourcecode.c.h; path = ViewController.h; sourceTree = "<group>"; };
		5439DCB91E7673D00093BE06 /* ViewController.m */ = {isa = PBXFileReference; lastKnownFileType = sourcecode.c.objc; path = ViewController.m; sourceTree = "<group>"; };
		5439DCBC1E7673D00093BE06 /* Base */ = {isa = PBXFileReference; lastKnownFileType = file.storyboard; name = Base; path = Base.lproj/Main.storyboard; sourceTree = "<group>"; };
		5439DCBE1E7673D00093BE06 /* Assets.xcassets */ = {isa = PBXFileReference; lastKnownFileType = folder.assetcatalog; path = Assets.xcassets; sourceTree = "<group>"; };
		5439DCC11E7673D00093BE06 /* Base */ = {isa = PBXFileReference; lastKnownFileType = file.storyboard; name = Base; path = Base.lproj/LaunchScreen.storyboard; sourceTree = "<group>"; };
		5439DCC31E7673D00093BE06 /* Info.plist */ = {isa = PBXFileReference; lastKnownFileType = text.plist.xml; path = Info.plist; sourceTree = "<group>"; };
		5439DCC81E7673D00093BE06 /* TODOListTests.xctest */ = {isa = PBXFileReference; explicitFileType = wrapper.cfbundle; includeInIndex = 0; path = TODOListTests.xctest; sourceTree = BUILT_PRODUCTS_DIR; };
		5439DCCC1E7673D00093BE06 /* TODOListTests.m */ = {isa = PBXFileReference; lastKnownFileType = sourcecode.c.objc; path = TODOListTests.m; sourceTree = "<group>"; };
		5439DCCE1E7673D00093BE06 /* Info.plist */ = {isa = PBXFileReference; lastKnownFileType = text.plist.xml; path = Info.plist; sourceTree = "<group>"; };
		5439DCD31E7673D00093BE06 /* TODOListUITests.xctest */ = {isa = PBXFileReference; explicitFileType = wrapper.cfbundle; includeInIndex = 0; path = TODOListUITests.xctest; sourceTree = BUILT_PRODUCTS_DIR; };
		5439DCD71E7673D00093BE06 /* TODOListUITests.m */ = {isa = PBXFileReference; lastKnownFileType = sourcecode.c.objc; path = TODOListUITests.m; sourceTree = "<group>"; };
		5439DCD91E7673D00093BE06 /* Info.plist */ = {isa = PBXFileReference; lastKnownFileType = text.plist.xml; path = Info.plist; sourceTree = "<group>"; };
		5439DCE51E767BA80093BE06 /* PrefixHeader.pch */ = {isa = PBXFileReference; lastKnownFileType = sourcecode.c.h; path = PrefixHeader.pch; sourceTree = "<group>"; };
		5439DCEF1E767FB50093BE06 /* GoalsViewController.h */ = {isa = PBXFileReference; fileEncoding = 4; lastKnownFileType = sourcecode.c.h; path = GoalsViewController.h; sourceTree = "<group>"; };
		5439DCF01E767FB50093BE06 /* GoalsViewController.m */ = {isa = PBXFileReference; fileEncoding = 4; lastKnownFileType = sourcecode.c.objc; path = GoalsViewController.m; sourceTree = "<group>"; };
		5439DCF21E76824A0093BE06 /* GoalModel.h */ = {isa = PBXFileReference; fileEncoding = 4; lastKnownFileType = sourcecode.c.h; path = GoalModel.h; sourceTree = "<group>"; };
		5439DCF31E76824A0093BE06 /* GoalModel.m */ = {isa = PBXFileReference; fileEncoding = 4; lastKnownFileType = sourcecode.c.objc; path = GoalModel.m; sourceTree = "<group>"; };
		5439DCF51E7682A80093BE06 /* GoalEnum.h */ = {isa = PBXFileReference; fileEncoding = 4; lastKnownFileType = sourcecode.c.h; path = GoalEnum.h; sourceTree = "<group>"; };
		5439DCF81E768AD40093BE06 /* GoalTableViewCell.h */ = {isa = PBXFileReference; fileEncoding = 4; lastKnownFileType = sourcecode.c.h; path = GoalTableViewCell.h; sourceTree = "<group>"; };
		5439DCF91E768AD40093BE06 /* GoalTableViewCell.m */ = {isa = PBXFileReference; fileEncoding = 4; lastKnownFileType = sourcecode.c.objc; path = GoalTableViewCell.m; sourceTree = "<group>"; };
		5439DCFA1E768AD40093BE06 /* GoalTableViewCell.xib */ = {isa = PBXFileReference; fileEncoding = 4; lastKnownFileType = file.xib; path = GoalTableViewCell.xib; sourceTree = "<group>"; };
		5439DD001E7691E00093BE06 /* common.storyboard */ = {isa = PBXFileReference; fileEncoding = 4; lastKnownFileType = file.storyboard; path = common.storyboard; sourceTree = "<group>"; };
		5439DD021E7692710093BE06 /* TextEditViewController.h */ = {isa = PBXFileReference; fileEncoding = 4; lastKnownFileType = sourcecode.c.h; path = TextEditViewController.h; sourceTree = "<group>"; };
		5439DD031E7692710093BE06 /* TextEditViewController.m */ = {isa = PBXFileReference; fileEncoding = 4; lastKnownFileType = sourcecode.c.objc; path = TextEditViewController.m; sourceTree = "<group>"; };
		5439DD051E76935A0093BE06 /* zh-Hans */ = {isa = PBXFileReference; lastKnownFileType = text.plist.strings; name = "zh-Hans"; path = "zh-Hans.lproj/Main.strings"; sourceTree = "<group>"; };
		5439DD061E76935A0093BE06 /* zh-Hans */ = {isa = PBXFileReference; lastKnownFileType = text.plist.strings; name = "zh-Hans"; path = "zh-Hans.lproj/LaunchScreen.strings"; sourceTree = "<group>"; };
		5439DD0D1E7694DD0093BE06 /* zh-Hans */ = {isa = PBXFileReference; lastKnownFileType = text.plist.strings; name = "zh-Hans"; path = "zh-Hans.lproj/Localizable.strings"; sourceTree = "<group>"; };
		5439DD0E1E7694F00093BE06 /* en */ = {isa = PBXFileReference; lastKnownFileType = text.plist.strings; name = en; path = en.lproj/Localizable.strings; sourceTree = "<group>"; };
		5439DD0F1E76A4C90093BE06 /* GoalEditViewController.h */ = {isa = PBXFileReference; fileEncoding = 4; lastKnownFileType = sourcecode.c.h; path = GoalEditViewController.h; sourceTree = "<group>"; };
		5439DD101E76A4C90093BE06 /* GoalEditViewController.m */ = {isa = PBXFileReference; fileEncoding = 4; lastKnownFileType = sourcecode.c.objc; path = GoalEditViewController.m; sourceTree = "<group>"; };
		5439DD121E76A9200093BE06 /* UITextViewCell.h */ = {isa = PBXFileReference; fileEncoding = 4; lastKnownFileType = sourcecode.c.h; path = UITextViewCell.h; sourceTree = "<group>"; };
		5439DD131E76A9200093BE06 /* UITextViewCell.m */ = {isa = PBXFileReference; fileEncoding = 4; lastKnownFileType = sourcecode.c.objc; path = UITextViewCell.m; sourceTree = "<group>"; };
		5439DD141E76A9200093BE06 /* UITextViewCell.xib */ = {isa = PBXFileReference; fileEncoding = 4; lastKnownFileType = file.xib; path = UITextViewCell.xib; sourceTree = "<group>"; };
		5439DD1C1E76A9CB0093BE06 /* UISwitchViewSection.h */ = {isa = PBXFileReference; fileEncoding = 4; lastKnownFileType = sourcecode.c.h; path = UISwitchViewSection.h; sourceTree = "<group>"; };
		5439DD1D1E76A9CB0093BE06 /* UISwitchViewSection.m */ = {isa = PBXFileReference; fileEncoding = 4; lastKnownFileType = sourcecode.c.objc; path = UISwitchViewSection.m; sourceTree = "<group>"; };
		5439DD1F1E76A9D60093BE06 /* UISwitchViewSection.xib */ = {isa = PBXFileReference; fileEncoding = 4; lastKnownFileType = file.xib; path = UISwitchViewSection.xib; sourceTree = "<group>"; };
		5439DD211E777BE90093BE06 /* TableCellModel.h */ = {isa = PBXFileReference; fileEncoding = 4; lastKnownFileType = sourcecode.c.h; path = TableCellModel.h; sourceTree = "<group>"; };
		5439DD221E777BE90093BE06 /* TableCellModel.m */ = {isa = PBXFileReference; fileEncoding = 4; lastKnownFileType = sourcecode.c.objc; path = TableCellModel.m; sourceTree = "<group>"; };
		5439DD241E777BF90093BE06 /* TableSectionModel.h */ = {isa = PBXFileReference; fileEncoding = 4; lastKnownFileType = sourcecode.c.h; path = TableSectionModel.h; sourceTree = "<group>"; };
		5439DD251E777BF90093BE06 /* TableSectionModel.m */ = {isa = PBXFileReference; fileEncoding = 4; lastKnownFileType = sourcecode.c.objc; path = TableSectionModel.m; sourceTree = "<group>"; };
		5439DD271E777F6F0093BE06 /* TableDataDelegate.h */ = {isa = PBXFileReference; fileEncoding = 4; lastKnownFileType = sourcecode.c.h; path = TableDataDelegate.h; sourceTree = "<group>"; };
		5439DD281E777F6F0093BE06 /* TableDataDelegate.m */ = {isa = PBXFileReference; fileEncoding = 4; lastKnownFileType = sourcecode.c.objc; path = TableDataDelegate.m; sourceTree = "<group>"; };
		5439DD2A1E77938A0093BE06 /* GoalContentVM.h */ = {isa = PBXFileReference; fileEncoding = 4; lastKnownFileType = sourcecode.c.h; path = GoalContentVM.h; sourceTree = "<group>"; };
		5439DD2B1E77938A0093BE06 /* GoalContentVM.m */ = {isa = PBXFileReference; fileEncoding = 4; lastKnownFileType = sourcecode.c.objc; path = GoalContentVM.m; sourceTree = "<group>"; };
		5439DD2D1E7794910093BE06 /* BaseTableViewCell.h */ = {isa = PBXFileReference; fileEncoding = 4; lastKnownFileType = sourcecode.c.h; path = BaseTableViewCell.h; sourceTree = "<group>"; };
		5439DD2E1E7794910093BE06 /* BaseTableViewCell.m */ = {isa = PBXFileReference; fileEncoding = 4; lastKnownFileType = sourcecode.c.objc; path = BaseTableViewCell.m; sourceTree = "<group>"; };
		5439DD301E77AEA70093BE06 /* TitleDetailTableViewCell.h */ = {isa = PBXFileReference; fileEncoding = 4; lastKnownFileType = sourcecode.c.h; path = TitleDetailTableViewCell.h; sourceTree = "<group>"; };
		5439DD311E77AEA70093BE06 /* TitleDetailTableViewCell.m */ = {isa = PBXFileReference; fileEncoding = 4; lastKnownFileType = sourcecode.c.objc; path = TitleDetailTableViewCell.m; sourceTree = "<group>"; };
		5439DD321E77AEA70093BE06 /* TitleDetailTableViewCell.xib */ = {isa = PBXFileReference; fileEncoding = 4; lastKnownFileType = file.xib; path = TitleDetailTableViewCell.xib; sourceTree = "<group>"; };
		5439DD351E77AF310093BE06 /* SelectDateVM.h */ = {isa = PBXFileReference; fileEncoding = 4; lastKnownFileType = sourcecode.c.h; path = SelectDateVM.h; sourceTree = "<group>"; };
		5439DD361E77AF310093BE06 /* SelectDateVM.m */ = {isa = PBXFileReference; fileEncoding = 4; lastKnownFileType = sourcecode.c.objc; path = SelectDateVM.m; sourceTree = "<group>"; };
		5439DD381E77B3470093BE06 /* DatePickerViewController.h */ = {isa = PBXFileReference; fileEncoding = 4; lastKnownFileType = sourcecode.c.h; path = DatePickerViewController.h; sourceTree = "<group>"; };
		5439DD391E77B3470093BE06 /* DatePickerViewController.m */ = {isa = PBXFileReference; fileEncoding = 4; lastKnownFileType = sourcecode.c.objc; path = DatePickerViewController.m; sourceTree = "<group>"; };
		5439DD3D1E77BB140093BE06 /* NSDate+NSString.h */ = {isa = PBXFileReference; fileEncoding = 4; lastKnownFileType = sourcecode.c.h; path = "NSDate+NSString.h"; sourceTree = "<group>"; };
		5439DD3E1E77BB140093BE06 /* NSDate+NSString.m */ = {isa = PBXFileReference; fileEncoding = 4; lastKnownFileType = sourcecode.c.objc; path = "NSDate+NSString.m"; sourceTree = "<group>"; };
		5439DD401E77BE110093BE06 /* BaseTableSection.h */ = {isa = PBXFileReference; fileEncoding = 4; lastKnownFileType = sourcecode.c.h; path = BaseTableSection.h; sourceTree = "<group>"; };
		5439DD411E77BE110093BE06 /* BaseTableSection.m */ = {isa = PBXFileReference; fileEncoding = 4; lastKnownFileType = sourcecode.c.objc; path = BaseTableSection.m; sourceTree = "<group>"; };
		5439DD431E77C09D0093BE06 /* GoalTipVM.h */ = {isa = PBXFileReference; fileEncoding = 4; lastKnownFileType = sourcecode.c.h; path = GoalTipVM.h; sourceTree = "<group>"; };
		5439DD441E77C09D0093BE06 /* GoalTipVM.m */ = {isa = PBXFileReference; fileEncoding = 4; lastKnownFileType = sourcecode.c.objc; path = GoalTipVM.m; sourceTree = "<group>"; };
		5439DD461E77D4290093BE06 /* SelectRepeatCellVM.h */ = {isa = PBXFileReference; fileEncoding = 4; lastKnownFileType = sourcecode.c.h; path = SelectRepeatCellVM.h; sourceTree = "<group>"; };
		5439DD471E77D4290093BE06 /* SelectRepeatCellVM.m */ = {isa = PBXFileReference; fileEncoding = 4; lastKnownFileType = sourcecode.c.objc; path = SelectRepeatCellVM.m; sourceTree = "<group>"; };
		5439DD491E77DD5E0093BE06 /* SelectableDelegate.h */ = {isa = PBXFileReference; lastKnownFileType = sourcecode.c.h; path = SelectableDelegate.h; sourceTree = "<group>"; };
		5439DD4A1E77DDA10093BE06 /* SelectItem.h */ = {isa = PBXFileReference; fileEncoding = 4; lastKnownFileType = sourcecode.c.h; path = SelectItem.h; sourceTree = "<group>"; };
		5439DD4B1E77DDA10093BE06 /* SelectItem.m */ = {isa = PBXFileReference; fileEncoding = 4; lastKnownFileType = sourcecode.c.objc; path = SelectItem.m; sourceTree = "<group>"; };
		5439DD501E77DEEE0093BE06 /* SelectItemViewController.h */ = {isa = PBXFileReference; fileEncoding = 4; lastKnownFileType = sourcecode.c.h; path = SelectItemViewController.h; sourceTree = "<group>"; };
		5439DD511E77DEEE0093BE06 /* SelectItemViewController.m */ = {isa = PBXFileReference; fileEncoding = 4; lastKnownFileType = sourcecode.c.objc; path = SelectItemViewController.m; sourceTree = "<group>"; };
		5439DD531E77E20B0093BE06 /* GoalEnum.m */ = {isa = PBXFileReference; fileEncoding = 4; lastKnownFileType = sourcecode.c.objc; path = GoalEnum.m; sourceTree = "<group>"; };
		5439DD551E77F6D90093BE06 /* SettingViewController.h */ = {isa = PBXFileReference; fileEncoding = 4; lastKnownFileType = sourcecode.c.h; path = SettingViewController.h; sourceTree = "<group>"; };
		5439DD561E77F6D90093BE06 /* SettingViewController.m */ = {isa = PBXFileReference; fileEncoding = 4; lastKnownFileType = sourcecode.c.objc; path = SettingViewController.m; sourceTree = "<group>"; };
		5439DD581E77FBB10093BE06 /* NSString+Extension.h */ = {isa = PBXFileReference; fileEncoding = 4; lastKnownFileType = sourcecode.c.h; path = "NSString+Extension.h"; sourceTree = "<group>"; };
		5439DD591E77FBB10093BE06 /* NSString+Extension.m */ = {isa = PBXFileReference; fileEncoding = 4; lastKnownFileType = sourcecode.c.objc; path = "NSString+Extension.m"; sourceTree = "<group>"; };
		5439DD5B1E7801080093BE06 /* GoalBrowseViewController.h */ = {isa = PBXFileReference; fileEncoding = 4; lastKnownFileType = sourcecode.c.h; path = GoalBrowseViewController.h; sourceTree = "<group>"; };
		5439DD5C1E7801080093BE06 /* GoalBrowseViewController.m */ = {isa = PBXFileReference; fileEncoding = 4; lastKnownFileType = sourcecode.c.objc; path = GoalBrowseViewController.m; sourceTree = "<group>"; };
		5439DD5E1E7801F40093BE06 /* TitleTableViewCell.h */ = {isa = PBXFileReference; fileEncoding = 4; lastKnownFileType = sourcecode.c.h; path = TitleTableViewCell.h; sourceTree = "<group>"; };
		5439DD5F1E7801F40093BE06 /* TitleTableViewCell.m */ = {isa = PBXFileReference; fileEncoding = 4; lastKnownFileType = sourcecode.c.objc; path = TitleTableViewCell.m; sourceTree = "<group>"; };
		5439DD601E7801F40093BE06 /* TitleTableViewCell.xib */ = {isa = PBXFileReference; fileEncoding = 4; lastKnownFileType = file.xib; path = TitleTableViewCell.xib; sourceTree = "<group>"; };
		5439DD631E78030E0093BE06 /* UITableView+Extension.h */ = {isa = PBXFileReference; fileEncoding = 4; lastKnownFileType = sourcecode.c.h; path = "UITableView+Extension.h"; sourceTree = "<group>"; };
		5439DD641E78030E0093BE06 /* UITableView+Extension.m */ = {isa = PBXFileReference; fileEncoding = 4; lastKnownFileType = sourcecode.c.objc; path = "UITableView+Extension.m"; sourceTree = "<group>"; };
		5439DD691E78D9FD0093BE06 /* TableSectionViewModelProtocol.h */ = {isa = PBXFileReference; lastKnownFileType = sourcecode.c.h; path = TableSectionViewModelProtocol.h; sourceTree = "<group>"; };
		5439DD6A1E78DB6C0093BE06 /* TableBaseViewModelProtocol.h */ = {isa = PBXFileReference; lastKnownFileType = sourcecode.c.h; path = TableBaseViewModelProtocol.h; sourceTree = "<group>"; };
		5439DD6C1E78DD8D0093BE06 /* TableCellViewModelProtocol.h */ = {isa = PBXFileReference; lastKnownFileType = sourcecode.c.h; path = TableCellViewModelProtocol.h; sourceTree = "<group>"; };
		68C1C035918F67745789D09D /* Pods-TODOListUITests.release.xcconfig */ = {isa = PBXFileReference; includeInIndex = 1; lastKnownFileType = text.xcconfig; name = "Pods-TODOListUITests.release.xcconfig"; path = "Pods/Target Support Files/Pods-TODOListUITests/Pods-TODOListUITests.release.xcconfig"; sourceTree = "<group>"; };
		7A32ECF9B93F4119E74B5E24 /* libPods-TODOList.a */ = {isa = PBXFileReference; explicitFileType = archive.ar; includeInIndex = 0; path = "libPods-TODOList.a"; sourceTree = BUILT_PRODUCTS_DIR; };
		BF92F79BF8F0C326AEDB180E /* Pods-TODOList.release.xcconfig */ = {isa = PBXFileReference; includeInIndex = 1; lastKnownFileType = text.xcconfig; name = "Pods-TODOList.release.xcconfig"; path = "Pods/Target Support Files/Pods-TODOList/Pods-TODOList.release.xcconfig"; sourceTree = "<group>"; };
		FC8BC10EAA811641F21D4A55 /* libPods-TODOListUITests.a */ = {isa = PBXFileReference; explicitFileType = archive.ar; includeInIndex = 0; path = "libPods-TODOListUITests.a"; sourceTree = BUILT_PRODUCTS_DIR; };
/* End PBXFileReference section */

/* Begin PBXFrameworksBuildPhase section */
		5439DCAC1E7673D00093BE06 /* Frameworks */ = {
			isa = PBXFrameworksBuildPhase;
			buildActionMask = 2147483647;
			files = (
				D7A993415A2B7AF427A6BDB7 /* libPods-TODOList.a in Frameworks */,
			);
			runOnlyForDeploymentPostprocessing = 0;
		};
		5439DCC51E7673D00093BE06 /* Frameworks */ = {
			isa = PBXFrameworksBuildPhase;
			buildActionMask = 2147483647;
			files = (
				BC9F9E3BB1AA9DBA03A8A1C6 /* libPods-TODOListTests.a in Frameworks */,
			);
			runOnlyForDeploymentPostprocessing = 0;
		};
		5439DCD01E7673D00093BE06 /* Frameworks */ = {
			isa = PBXFrameworksBuildPhase;
			buildActionMask = 2147483647;
			files = (
				9E070E6ED891C240953199AC /* libPods-TODOListUITests.a in Frameworks */,
			);
			runOnlyForDeploymentPostprocessing = 0;
		};
/* End PBXFrameworksBuildPhase section */

/* Begin PBXGroup section */
		5439DCA61E7673D00093BE06 = {
			isa = PBXGroup;
			children = (
				5439DCB11E7673D00093BE06 /* TODOList */,
				5439DCCB1E7673D00093BE06 /* TODOListTests */,
				5439DCD61E7673D00093BE06 /* TODOListUITests */,
				5439DCB01E7673D00093BE06 /* Products */,
				AA80C5466DAAA9460E1A4053 /* Pods */,
				6DDDFD70CAC2EF272B8CAB78 /* Frameworks */,
			);
			sourceTree = "<group>";
		};
		5439DCB01E7673D00093BE06 /* Products */ = {
			isa = PBXGroup;
			children = (
				5439DCAF1E7673D00093BE06 /* TODOList.app */,
				5439DCC81E7673D00093BE06 /* TODOListTests.xctest */,
				5439DCD31E7673D00093BE06 /* TODOListUITests.xctest */,
			);
			name = Products;
			sourceTree = "<group>";
		};
		5439DCB11E7673D00093BE06 /* TODOList */ = {
			isa = PBXGroup;
			children = (
				5439DD3B1E77BB020093BE06 /* Utils */,
				5439DCE81E767DA50093BE06 /* Common */,
				5439DCE61E767D570093BE06 /* Goals */,
				5439DCB51E7673D00093BE06 /* AppDelegate.h */,
				5439DCB61E7673D00093BE06 /* AppDelegate.m */,
				5439DCB81E7673D00093BE06 /* ViewController.h */,
				5439DCB91E7673D00093BE06 /* ViewController.m */,
				5439DCBB1E7673D00093BE06 /* Main.storyboard */,
				5439DCBE1E7673D00093BE06 /* Assets.xcassets */,
				5439DCC01E7673D00093BE06 /* LaunchScreen.storyboard */,
				5439DCC31E7673D00093BE06 /* Info.plist */,
				5439DCB21E7673D00093BE06 /* Supporting Files */,
			);
			path = TODOList;
			sourceTree = "<group>";
		};
		5439DCB21E7673D00093BE06 /* Supporting Files */ = {
			isa = PBXGroup;
			children = (
				5439DCB31E7673D00093BE06 /* main.m */,
				5439DCE51E767BA80093BE06 /* PrefixHeader.pch */,
				5439DD0B1E7694D30093BE06 /* Localizable.strings */,
			);
			name = "Supporting Files";
			sourceTree = "<group>";
		};
		5439DCCB1E7673D00093BE06 /* TODOListTests */ = {
			isa = PBXGroup;
			children = (
				5439DCCC1E7673D00093BE06 /* TODOListTests.m */,
				5439DCCE1E7673D00093BE06 /* Info.plist */,
			);
			path = TODOListTests;
			sourceTree = "<group>";
		};
		5439DCD61E7673D00093BE06 /* TODOListUITests */ = {
			isa = PBXGroup;
			children = (
				5439DCD71E7673D00093BE06 /* TODOListUITests.m */,
				5439DCD91E7673D00093BE06 /* Info.plist */,
			);
			path = TODOListUITests;
			sourceTree = "<group>";
		};
		5439DCE61E767D570093BE06 /* Goals */ = {
			isa = PBXGroup;
			children = (
				5439DCEC1E767F850093BE06 /* Controller */,
				5439DCED1E767F850093BE06 /* Model */,
				5439DCEE1E767F850093BE06 /* View */,
			);
			path = Goals;
			sourceTree = "<group>";
		};
		5439DCE81E767DA50093BE06 /* Common */ = {
			isa = PBXGroup;
			children = (
				5439DCE91E767DA50093BE06 /* Controller */,
				5439DCEA1E767DA50093BE06 /* Model */,
				5439DCEB1E767DA50093BE06 /* View */,
				5439DD001E7691E00093BE06 /* common.storyboard */,
			);
			path = Common;
			sourceTree = "<group>";
		};
		5439DCE91E767DA50093BE06 /* Controller */ = {
			isa = PBXGroup;
			children = (
				5439DD021E7692710093BE06 /* TextEditViewController.h */,
				5439DD031E7692710093BE06 /* TextEditViewController.m */,
				5439DD381E77B3470093BE06 /* DatePickerViewController.h */,
				5439DD391E77B3470093BE06 /* DatePickerViewController.m */,
				5439DD501E77DEEE0093BE06 /* SelectItemViewController.h */,
				5439DD511E77DEEE0093BE06 /* SelectItemViewController.m */,
			);
			path = Controller;
			sourceTree = "<group>";
		};
		5439DCEA1E767DA50093BE06 /* Model */ = {
			isa = PBXGroup;
			children = (
				5439DD671E78D2B90093BE06 /* Protocol */,
				5439DD211E777BE90093BE06 /* TableCellModel.h */,
				5439DD221E777BE90093BE06 /* TableCellModel.m */,
				5439DD241E777BF90093BE06 /* TableSectionModel.h */,
				5439DD251E777BF90093BE06 /* TableSectionModel.m */,
				5439DD271E777F6F0093BE06 /* TableDataDelegate.h */,
				5439DD281E777F6F0093BE06 /* TableDataDelegate.m */,
				5439DD491E77DD5E0093BE06 /* SelectableDelegate.h */,
				5439DD4A1E77DDA10093BE06 /* SelectItem.h */,
				5439DD4B1E77DDA10093BE06 /* SelectItem.m */,
			);
			path = Model;
			sourceTree = "<group>";
		};
		5439DCEB1E767DA50093BE06 /* View */ = {
			isa = PBXGroup;
			children = (
				5439DD2D1E7794910093BE06 /* BaseTableViewCell.h */,
				5439DD2E1E7794910093BE06 /* BaseTableViewCell.m */,
				5439DD401E77BE110093BE06 /* BaseTableSection.h */,
				5439DD411E77BE110093BE06 /* BaseTableSection.m */,
			);
			path = View;
			sourceTree = "<group>";
		};
		5439DCEC1E767F850093BE06 /* Controller */ = {
			isa = PBXGroup;
			children = (
				5439DCEF1E767FB50093BE06 /* GoalsViewController.h */,
				5439DCF01E767FB50093BE06 /* GoalsViewController.m */,
				5439DD0F1E76A4C90093BE06 /* GoalEditViewController.h */,
				5439DD101E76A4C90093BE06 /* GoalEditViewController.m */,
				5439DD551E77F6D90093BE06 /* SettingViewController.h */,
				5439DD561E77F6D90093BE06 /* SettingViewController.m */,
				5439DD5B1E7801080093BE06 /* GoalBrowseViewController.h */,
				5439DD5C1E7801080093BE06 /* GoalBrowseViewController.m */,
			);
			path = Controller;
			sourceTree = "<group>";
		};
		5439DCED1E767F850093BE06 /* Model */ = {
			isa = PBXGroup;
			children = (
				5439DCF51E7682A80093BE06 /* GoalEnum.h */,
				5439DD531E77E20B0093BE06 /* GoalEnum.m */,
				5439DCF21E76824A0093BE06 /* GoalModel.h */,
				5439DCF31E76824A0093BE06 /* GoalModel.m */,
				5439DD2A1E77938A0093BE06 /* GoalContentVM.h */,
				5439DD2B1E77938A0093BE06 /* GoalContentVM.m */,
				5439DD351E77AF310093BE06 /* SelectDateVM.h */,
				5439DD361E77AF310093BE06 /* SelectDateVM.m */,
				5439DD431E77C09D0093BE06 /* GoalTipVM.h */,
				5439DD441E77C09D0093BE06 /* GoalTipVM.m */,
				5439DD461E77D4290093BE06 /* SelectRepeatCellVM.h */,
				5439DD471E77D4290093BE06 /* SelectRepeatCellVM.m */,
			);
			path = Model;
			sourceTree = "<group>";
		};
		5439DCEE1E767F850093BE06 /* View */ = {
			isa = PBXGroup;
			children = (
				5439DCF81E768AD40093BE06 /* GoalTableViewCell.h */,
				5439DCF91E768AD40093BE06 /* GoalTableViewCell.m */,
				5439DCFA1E768AD40093BE06 /* GoalTableViewCell.xib */,
				5439DD121E76A9200093BE06 /* UITextViewCell.h */,
				5439DD131E76A9200093BE06 /* UITextViewCell.m */,
				5439DD141E76A9200093BE06 /* UITextViewCell.xib */,
				5439DD1C1E76A9CB0093BE06 /* UISwitchViewSection.h */,
				5439DD1D1E76A9CB0093BE06 /* UISwitchViewSection.m */,
				5439DD1F1E76A9D60093BE06 /* UISwitchViewSection.xib */,
				5439DD301E77AEA70093BE06 /* TitleDetailTableViewCell.h */,
				5439DD311E77AEA70093BE06 /* TitleDetailTableViewCell.m */,
				5439DD321E77AEA70093BE06 /* TitleDetailTableViewCell.xib */,
				5439DD5E1E7801F40093BE06 /* TitleTableViewCell.h */,
				5439DD5F1E7801F40093BE06 /* TitleTableViewCell.m */,
				5439DD601E7801F40093BE06 /* TitleTableViewCell.xib */,
			);
			path = View;
			sourceTree = "<group>";
		};
		5439DD3B1E77BB020093BE06 /* Utils */ = {
			isa = PBXGroup;
			children = (
				5439DD3C1E77BB0E0093BE06 /* Category */,
			);
			path = Utils;
			sourceTree = "<group>";
		};
		5439DD3C1E77BB0E0093BE06 /* Category */ = {
			isa = PBXGroup;
			children = (
				5439DD3D1E77BB140093BE06 /* NSDate+NSString.h */,
				5439DD3E1E77BB140093BE06 /* NSDate+NSString.m */,
				5439DD581E77FBB10093BE06 /* NSString+Extension.h */,
				5439DD591E77FBB10093BE06 /* NSString+Extension.m */,
				5439DD631E78030E0093BE06 /* UITableView+Extension.h */,
				5439DD641E78030E0093BE06 /* UITableView+Extension.m */,
			);
			path = Category;
			sourceTree = "<group>";
		};
		5439DD671E78D2B90093BE06 /* Protocol */ = {
			isa = PBXGroup;
			children = (
				5439DD6C1E78DD8D0093BE06 /* TableCellViewModelProtocol.h */,
				5439DD6A1E78DB6C0093BE06 /* TableBaseViewModelProtocol.h */,
				5439DD691E78D9FD0093BE06 /* TableSectionViewModelProtocol.h */,
			);
			path = Protocol;
			sourceTree = "<group>";
		};
		6DDDFD70CAC2EF272B8CAB78 /* Frameworks */ = {
			isa = PBXGroup;
			children = (
				7A32ECF9B93F4119E74B5E24 /* libPods-TODOList.a */,
				27DE6136EE70A7B97042316E /* libPods-TODOListTests.a */,
				FC8BC10EAA811641F21D4A55 /* libPods-TODOListUITests.a */,
			);
			name = Frameworks;
			sourceTree = "<group>";
		};
		AA80C5466DAAA9460E1A4053 /* Pods */ = {
			isa = PBXGroup;
			children = (
				069F381C3269A5CC7EE8492E /* Pods-TODOList.debug.xcconfig */,
				BF92F79BF8F0C326AEDB180E /* Pods-TODOList.release.xcconfig */,
				4C3AD4E05396345EAE26075D /* Pods-TODOListTests.debug.xcconfig */,
				25524F422AA1EDDD92B4825F /* Pods-TODOListTests.release.xcconfig */,
				48B1C33782FFED22C3137F15 /* Pods-TODOListUITests.debug.xcconfig */,
				68C1C035918F67745789D09D /* Pods-TODOListUITests.release.xcconfig */,
			);
			name = Pods;
			sourceTree = "<group>";
		};
/* End PBXGroup section */

/* Begin PBXNativeTarget section */
		5439DCAE1E7673D00093BE06 /* TODOList */ = {
			isa = PBXNativeTarget;
			buildConfigurationList = 5439DCDC1E7673D00093BE06 /* Build configuration list for PBXNativeTarget "TODOList" */;
			buildPhases = (
				4262CB2F5BEDD8BA16FEE3A4 /* [CP] Check Pods Manifest.lock */,
				5439DCAB1E7673D00093BE06 /* Sources */,
				5439DCAC1E7673D00093BE06 /* Frameworks */,
				5439DCAD1E7673D00093BE06 /* Resources */,
				DBC3839E56BC203E74682056 /* [CP] Embed Pods Frameworks */,
				EC5B21791B80DD4298C97849 /* [CP] Copy Pods Resources */,
			);
			buildRules = (
			);
			dependencies = (
			);
			name = TODOList;
			productName = TODOList;
			productReference = 5439DCAF1E7673D00093BE06 /* TODOList.app */;
			productType = "com.apple.product-type.application";
		};
		5439DCC71E7673D00093BE06 /* TODOListTests */ = {
			isa = PBXNativeTarget;
			buildConfigurationList = 5439DCDF1E7673D00093BE06 /* Build configuration list for PBXNativeTarget "TODOListTests" */;
			buildPhases = (
				467CFFAFFDEB8179A96C1041 /* [CP] Check Pods Manifest.lock */,
				5439DCC41E7673D00093BE06 /* Sources */,
				5439DCC51E7673D00093BE06 /* Frameworks */,
				5439DCC61E7673D00093BE06 /* Resources */,
				0E60149B1D216F2BB6AEC1AB /* [CP] Embed Pods Frameworks */,
				FD91A18C9142E3A379528E50 /* [CP] Copy Pods Resources */,
			);
			buildRules = (
			);
			dependencies = (
				5439DCCA1E7673D00093BE06 /* PBXTargetDependency */,
			);
			name = TODOListTests;
			productName = TODOListTests;
			productReference = 5439DCC81E7673D00093BE06 /* TODOListTests.xctest */;
			productType = "com.apple.product-type.bundle.unit-test";
		};
		5439DCD21E7673D00093BE06 /* TODOListUITests */ = {
			isa = PBXNativeTarget;
			buildConfigurationList = 5439DCE21E7673D00093BE06 /* Build configuration list for PBXNativeTarget "TODOListUITests" */;
			buildPhases = (
				FF2A0E94703111CEC3E6E271 /* [CP] Check Pods Manifest.lock */,
				5439DCCF1E7673D00093BE06 /* Sources */,
				5439DCD01E7673D00093BE06 /* Frameworks */,
				5439DCD11E7673D00093BE06 /* Resources */,
				14B0324BF7C1D615458BCD49 /* [CP] Embed Pods Frameworks */,
				7C6DA9CAF4F3527CC17B4BFF /* [CP] Copy Pods Resources */,
			);
			buildRules = (
			);
			dependencies = (
				5439DCD51E7673D00093BE06 /* PBXTargetDependency */,
			);
			name = TODOListUITests;
			productName = TODOListUITests;
			productReference = 5439DCD31E7673D00093BE06 /* TODOListUITests.xctest */;
			productType = "com.apple.product-type.bundle.ui-testing";
		};
/* End PBXNativeTarget section */

/* Begin PBXProject section */
		5439DCA71E7673D00093BE06 /* Project object */ = {
			isa = PBXProject;
			attributes = {
				LastUpgradeCheck = 0820;
				ORGANIZATIONNAME = heyou;
				TargetAttributes = {
					5439DCAE1E7673D00093BE06 = {
						CreatedOnToolsVersion = 8.2;
						DevelopmentTeam = XFNRGN873A;
						ProvisioningStyle = Automatic;
					};
					5439DCC71E7673D00093BE06 = {
						CreatedOnToolsVersion = 8.2;
						ProvisioningStyle = Automatic;
						TestTargetID = 5439DCAE1E7673D00093BE06;
					};
					5439DCD21E7673D00093BE06 = {
						CreatedOnToolsVersion = 8.2;
						ProvisioningStyle = Automatic;
						TestTargetID = 5439DCAE1E7673D00093BE06;
					};
				};
			};
			buildConfigurationList = 5439DCAA1E7673D00093BE06 /* Build configuration list for PBXProject "TODOList" */;
			compatibilityVersion = "Xcode 3.2";
			developmentRegion = English;
			hasScannedForEncodings = 0;
			knownRegions = (
				en,
				Base,
				"zh-Hans",
			);
			mainGroup = 5439DCA61E7673D00093BE06;
			productRefGroup = 5439DCB01E7673D00093BE06 /* Products */;
			projectDirPath = "";
			projectRoot = "";
			targets = (
				5439DCAE1E7673D00093BE06 /* TODOList */,
				5439DCC71E7673D00093BE06 /* TODOListTests */,
				5439DCD21E7673D00093BE06 /* TODOListUITests */,
			);
		};
/* End PBXProject section */

/* Begin PBXResourcesBuildPhase section */
		5439DCAD1E7673D00093BE06 /* Resources */ = {
			isa = PBXResourcesBuildPhase;
			buildActionMask = 2147483647;
			files = (
				5439DD621E7801F40093BE06 /* TitleTableViewCell.xib in Resources */,
				5439DD201E76A9D60093BE06 /* UISwitchViewSection.xib in Resources */,
				5439DCFC1E768AD40093BE06 /* GoalTableViewCell.xib in Resources */,
				5439DD091E7694D30093BE06 /* Localizable.strings in Resources */,
				5439DCC21E7673D00093BE06 /* LaunchScreen.storyboard in Resources */,
				5439DD161E76A9210093BE06 /* UITextViewCell.xib in Resources */,
				5439DCBF1E7673D00093BE06 /* Assets.xcassets in Resources */,
				5439DD341E77AEA70093BE06 /* TitleDetailTableViewCell.xib in Resources */,
				5439DD011E7691E00093BE06 /* common.storyboard in Resources */,
				5439DCBD1E7673D00093BE06 /* Main.storyboard in Resources */,
			);
			runOnlyForDeploymentPostprocessing = 0;
		};
		5439DCC61E7673D00093BE06 /* Resources */ = {
			isa = PBXResourcesBuildPhase;
			buildActionMask = 2147483647;
			files = (
			);
			runOnlyForDeploymentPostprocessing = 0;
		};
		5439DCD11E7673D00093BE06 /* Resources */ = {
			isa = PBXResourcesBuildPhase;
			buildActionMask = 2147483647;
			files = (
			);
			runOnlyForDeploymentPostprocessing = 0;
		};
/* End PBXResourcesBuildPhase section */

/* Begin PBXShellScriptBuildPhase section */
		0E60149B1D216F2BB6AEC1AB /* [CP] Embed Pods Frameworks */ = {
			isa = PBXShellScriptBuildPhase;
			buildActionMask = 2147483647;
			files = (
			);
			inputPaths = (
			);
			name = "[CP] Embed Pods Frameworks";
			outputPaths = (
			);
			runOnlyForDeploymentPostprocessing = 0;
			shellPath = /bin/sh;
			shellScript = "\"${SRCROOT}/Pods/Target Support Files/Pods-TODOListTests/Pods-TODOListTests-frameworks.sh\"\n";
			showEnvVarsInLog = 0;
		};
		14B0324BF7C1D615458BCD49 /* [CP] Embed Pods Frameworks */ = {
			isa = PBXShellScriptBuildPhase;
			buildActionMask = 2147483647;
			files = (
			);
			inputPaths = (
			);
			name = "[CP] Embed Pods Frameworks";
			outputPaths = (
			);
			runOnlyForDeploymentPostprocessing = 0;
			shellPath = /bin/sh;
			shellScript = "\"${SRCROOT}/Pods/Target Support Files/Pods-TODOListUITests/Pods-TODOListUITests-frameworks.sh\"\n";
			showEnvVarsInLog = 0;
		};
		4262CB2F5BEDD8BA16FEE3A4 /* [CP] Check Pods Manifest.lock */ = {
			isa = PBXShellScriptBuildPhase;
			buildActionMask = 2147483647;
			files = (
			);
			inputPaths = (
			);
			name = "[CP] Check Pods Manifest.lock";
			outputPaths = (
			);
			runOnlyForDeploymentPostprocessing = 0;
			shellPath = /bin/sh;
			shellScript = "diff \"${PODS_ROOT}/../Podfile.lock\" \"${PODS_ROOT}/Manifest.lock\" > /dev/null\nif [ $? != 0 ] ; then\n    # print error to STDERR\n    echo \"error: The sandbox is not in sync with the Podfile.lock. Run 'pod install' or update your CocoaPods installation.\" >&2\n    exit 1\nfi\n";
			showEnvVarsInLog = 0;
		};
		467CFFAFFDEB8179A96C1041 /* [CP] Check Pods Manifest.lock */ = {
			isa = PBXShellScriptBuildPhase;
			buildActionMask = 2147483647;
			files = (
			);
			inputPaths = (
			);
			name = "[CP] Check Pods Manifest.lock";
			outputPaths = (
			);
			runOnlyForDeploymentPostprocessing = 0;
			shellPath = /bin/sh;
			shellScript = "diff \"${PODS_ROOT}/../Podfile.lock\" \"${PODS_ROOT}/Manifest.lock\" > /dev/null\nif [ $? != 0 ] ; then\n    # print error to STDERR\n    echo \"error: The sandbox is not in sync with the Podfile.lock. Run 'pod install' or update your CocoaPods installation.\" >&2\n    exit 1\nfi\n";
			showEnvVarsInLog = 0;
		};
		7C6DA9CAF4F3527CC17B4BFF /* [CP] Copy Pods Resources */ = {
			isa = PBXShellScriptBuildPhase;
			buildActionMask = 2147483647;
			files = (
			);
			inputPaths = (
			);
			name = "[CP] Copy Pods Resources";
			outputPaths = (
			);
			runOnlyForDeploymentPostprocessing = 0;
			shellPath = /bin/sh;
			shellScript = "\"${SRCROOT}/Pods/Target Support Files/Pods-TODOListUITests/Pods-TODOListUITests-resources.sh\"\n";
			showEnvVarsInLog = 0;
		};
		DBC3839E56BC203E74682056 /* [CP] Embed Pods Frameworks */ = {
			isa = PBXShellScriptBuildPhase;
			buildActionMask = 2147483647;
			files = (
			);
			inputPaths = (
			);
			name = "[CP] Embed Pods Frameworks";
			outputPaths = (
			);
			runOnlyForDeploymentPostprocessing = 0;
			shellPath = /bin/sh;
			shellScript = "\"${SRCROOT}/Pods/Target Support Files/Pods-TODOList/Pods-TODOList-frameworks.sh\"\n";
			showEnvVarsInLog = 0;
		};
		EC5B21791B80DD4298C97849 /* [CP] Copy Pods Resources */ = {
			isa = PBXShellScriptBuildPhase;
			buildActionMask = 2147483647;
			files = (
			);
			inputPaths = (
			);
			name = "[CP] Copy Pods Resources";
			outputPaths = (
			);
			runOnlyForDeploymentPostprocessing = 0;
			shellPath = /bin/sh;
			shellScript = "\"${SRCROOT}/Pods/Target Support Files/Pods-TODOList/Pods-TODOList-resources.sh\"\n";
			showEnvVarsInLog = 0;
		};
		FD91A18C9142E3A379528E50 /* [CP] Copy Pods Resources */ = {
			isa = PBXShellScriptBuildPhase;
			buildActionMask = 2147483647;
			files = (
			);
			inputPaths = (
			);
			name = "[CP] Copy Pods Resources";
			outputPaths = (
			);
			runOnlyForDeploymentPostprocessing = 0;
			shellPath = /bin/sh;
			shellScript = "\"${SRCROOT}/Pods/Target Support Files/Pods-TODOListTests/Pods-TODOListTests-resources.sh\"\n";
			showEnvVarsInLog = 0;
		};
		FF2A0E94703111CEC3E6E271 /* [CP] Check Pods Manifest.lock */ = {
			isa = PBXShellScriptBuildPhase;
			buildActionMask = 2147483647;
			files = (
			);
			inputPaths = (
			);
			name = "[CP] Check Pods Manifest.lock";
			outputPaths = (
			);
			runOnlyForDeploymentPostprocessing = 0;
			shellPath = /bin/sh;
			shellScript = "diff \"${PODS_ROOT}/../Podfile.lock\" \"${PODS_ROOT}/Manifest.lock\" > /dev/null\nif [ $? != 0 ] ; then\n    # print error to STDERR\n    echo \"error: The sandbox is not in sync with the Podfile.lock. Run 'pod install' or update your CocoaPods installation.\" >&2\n    exit 1\nfi\n";
			showEnvVarsInLog = 0;
		};
/* End PBXShellScriptBuildPhase section */

/* Begin PBXSourcesBuildPhase section */
		5439DCAB1E7673D00093BE06 /* Sources */ = {
			isa = PBXSourcesBuildPhase;
			buildActionMask = 2147483647;
			files = (
				5439DD2F1E7794910093BE06 /* BaseTableViewCell.m in Sources */,
				5439DCFB1E768AD40093BE06 /* GoalTableViewCell.m in Sources */,
				5439DCBA1E7673D00093BE06 /* ViewController.m in Sources */,
				5439DD1E1E76A9CB0093BE06 /* UISwitchViewSection.m in Sources */,
				5439DD041E7692710093BE06 /* TextEditViewController.m in Sources */,
				5439DD651E78030E0093BE06 /* UITableView+Extension.m in Sources */,
				5439DD421E77BE110093BE06 /* BaseTableSection.m in Sources */,
				5439DD451E77C09D0093BE06 /* GoalTipVM.m in Sources */,
				5439DD5A1E77FBB10093BE06 /* NSString+Extension.m in Sources */,
				5439DD261E777BF90093BE06 /* TableSectionModel.m in Sources */,
				5439DD111E76A4C90093BE06 /* GoalEditViewController.m in Sources */,
				5439DD481E77D4290093BE06 /* SelectRepeatCellVM.m in Sources */,
				5439DD231E777BE90093BE06 /* TableCellModel.m in Sources */,
				5439DD521E77DEEE0093BE06 /* SelectItemViewController.m in Sources */,
				5439DCF11E767FB50093BE06 /* GoalsViewController.m in Sources */,
				5439DCB71E7673D00093BE06 /* AppDelegate.m in Sources */,
				5439DCB41E7673D00093BE06 /* main.m in Sources */,
				5439DD571E77F6D90093BE06 /* SettingViewController.m in Sources */,
				5439DD371E77AF310093BE06 /* SelectDateVM.m in Sources */,
				5439DD291E777F6F0093BE06 /* TableDataDelegate.m in Sources */,
				5439DD151E76A9200093BE06 /* UITextViewCell.m in Sources */,
				5439DD541E77E20B0093BE06 /* GoalEnum.m in Sources */,
				5439DD5D1E7801080093BE06 /* GoalBrowseViewController.m in Sources */,
				5439DD331E77AEA70093BE06 /* TitleDetailTableViewCell.m in Sources */,
				5439DD611E7801F40093BE06 /* TitleTableViewCell.m in Sources */,
				5439DD3F1E77BB140093BE06 /* NSDate+NSString.m in Sources */,
				5439DD4C1E77DDA10093BE06 /* SelectItem.m in Sources */,
				5439DCF41E76824A0093BE06 /* GoalModel.m in Sources */,
				5439DD3A1E77B3470093BE06 /* DatePickerViewController.m in Sources */,
				5439DD2C1E77938A0093BE06 /* GoalContentVM.m in Sources */,
			);
			runOnlyForDeploymentPostprocessing = 0;
		};
		5439DCC41E7673D00093BE06 /* Sources */ = {
			isa = PBXSourcesBuildPhase;
			buildActionMask = 2147483647;
			files = (
				5439DCCD1E7673D00093BE06 /* TODOListTests.m in Sources */,
			);
			runOnlyForDeploymentPostprocessing = 0;
		};
		5439DCCF1E7673D00093BE06 /* Sources */ = {
			isa = PBXSourcesBuildPhase;
			buildActionMask = 2147483647;
			files = (
				5439DCD81E7673D00093BE06 /* TODOListUITests.m in Sources */,
			);
			runOnlyForDeploymentPostprocessing = 0;
		};
/* End PBXSourcesBuildPhase section */

/* Begin PBXTargetDependency section */
		5439DCCA1E7673D00093BE06 /* PBXTargetDependency */ = {
			isa = PBXTargetDependency;
			target = 5439DCAE1E7673D00093BE06 /* TODOList */;
			targetProxy = 5439DCC91E7673D00093BE06 /* PBXContainerItemProxy */;
		};
		5439DCD51E7673D00093BE06 /* PBXTargetDependency */ = {
			isa = PBXTargetDependency;
			target = 5439DCAE1E7673D00093BE06 /* TODOList */;
			targetProxy = 5439DCD41E7673D00093BE06 /* PBXContainerItemProxy */;
		};
/* End PBXTargetDependency section */

/* Begin PBXVariantGroup section */
		5439DCBB1E7673D00093BE06 /* Main.storyboard */ = {
			isa = PBXVariantGroup;
			children = (
				5439DCBC1E7673D00093BE06 /* Base */,
				5439DD051E76935A0093BE06 /* zh-Hans */,
			);
			name = Main.storyboard;
			sourceTree = "<group>";
		};
		5439DCC01E7673D00093BE06 /* LaunchScreen.storyboard */ = {
			isa = PBXVariantGroup;
			children = (
				5439DCC11E7673D00093BE06 /* Base */,
				5439DD061E76935A0093BE06 /* zh-Hans */,
			);
			name = LaunchScreen.storyboard;
			sourceTree = "<group>";
		};
		5439DD0B1E7694D30093BE06 /* Localizable.strings */ = {
			isa = PBXVariantGroup;
			children = (
				5439DD0D1E7694DD0093BE06 /* zh-Hans */,
				5439DD0E1E7694F00093BE06 /* en */,
			);
			name = Localizable.strings;
			sourceTree = "<group>";
		};
/* End PBXVariantGroup section */

/* Begin XCBuildConfiguration section */
		5439DCDA1E7673D00093BE06 /* Debug */ = {
			isa = XCBuildConfiguration;
			buildSettings = {
				ALWAYS_SEARCH_USER_PATHS = NO;
				CLANG_ANALYZER_LOCALIZABILITY_NONLOCALIZED = YES;
				CLANG_ANALYZER_NONNULL = YES;
				CLANG_CXX_LANGUAGE_STANDARD = "gnu++0x";
				CLANG_CXX_LIBRARY = "libc++";
				CLANG_ENABLE_MODULES = YES;
				CLANG_ENABLE_OBJC_ARC = YES;
				CLANG_WARN_BOOL_CONVERSION = YES;
				CLANG_WARN_CONSTANT_CONVERSION = YES;
				CLANG_WARN_DIRECT_OBJC_ISA_USAGE = YES_ERROR;
				CLANG_WARN_DOCUMENTATION_COMMENTS = YES;
				CLANG_WARN_EMPTY_BODY = YES;
				CLANG_WARN_ENUM_CONVERSION = YES;
				CLANG_WARN_INFINITE_RECURSION = YES;
				CLANG_WARN_INT_CONVERSION = YES;
				CLANG_WARN_OBJC_ROOT_CLASS = YES_ERROR;
				CLANG_WARN_SUSPICIOUS_MOVE = YES;
				CLANG_WARN_UNREACHABLE_CODE = YES;
				CLANG_WARN__DUPLICATE_METHOD_MATCH = YES;
				"CODE_SIGN_IDENTITY[sdk=iphoneos*]" = "iPhone Developer";
				COPY_PHASE_STRIP = NO;
				DEBUG_INFORMATION_FORMAT = dwarf;
				ENABLE_STRICT_OBJC_MSGSEND = YES;
				ENABLE_TESTABILITY = YES;
				GCC_C_LANGUAGE_STANDARD = gnu99;
				GCC_DYNAMIC_NO_PIC = NO;
				GCC_NO_COMMON_BLOCKS = YES;
				GCC_OPTIMIZATION_LEVEL = 0;
				GCC_PREPROCESSOR_DEFINITIONS = (
					"DEBUG=1",
					"$(inherited)",
				);
				GCC_WARN_64_TO_32_BIT_CONVERSION = YES;
				GCC_WARN_ABOUT_RETURN_TYPE = YES_ERROR;
				GCC_WARN_UNDECLARED_SELECTOR = YES;
				GCC_WARN_UNINITIALIZED_AUTOS = YES_AGGRESSIVE;
				GCC_WARN_UNUSED_FUNCTION = YES;
				GCC_WARN_UNUSED_VARIABLE = YES;
				IPHONEOS_DEPLOYMENT_TARGET = 10.2;
				MTL_ENABLE_DEBUG_INFO = YES;
				ONLY_ACTIVE_ARCH = YES;
				SDKROOT = iphoneos;
				TARGETED_DEVICE_FAMILY = "1,2";
			};
			name = Debug;
		};
		5439DCDB1E7673D00093BE06 /* Release */ = {
			isa = XCBuildConfiguration;
			buildSettings = {
				ALWAYS_SEARCH_USER_PATHS = NO;
				CLANG_ANALYZER_LOCALIZABILITY_NONLOCALIZED = YES;
				CLANG_ANALYZER_NONNULL = YES;
				CLANG_CXX_LANGUAGE_STANDARD = "gnu++0x";
				CLANG_CXX_LIBRARY = "libc++";
				CLANG_ENABLE_MODULES = YES;
				CLANG_ENABLE_OBJC_ARC = YES;
				CLANG_WARN_BOOL_CONVERSION = YES;
				CLANG_WARN_CONSTANT_CONVERSION = YES;
				CLANG_WARN_DIRECT_OBJC_ISA_USAGE = YES_ERROR;
				CLANG_WARN_DOCUMENTATION_COMMENTS = YES;
				CLANG_WARN_EMPTY_BODY = YES;
				CLANG_WARN_ENUM_CONVERSION = YES;
				CLANG_WARN_INFINITE_RECURSION = YES;
				CLANG_WARN_INT_CONVERSION = YES;
				CLANG_WARN_OBJC_ROOT_CLASS = YES_ERROR;
				CLANG_WARN_SUSPICIOUS_MOVE = YES;
				CLANG_WARN_UNREACHABLE_CODE = YES;
				CLANG_WARN__DUPLICATE_METHOD_MATCH = YES;
				"CODE_SIGN_IDENTITY[sdk=iphoneos*]" = "iPhone Developer";
				COPY_PHASE_STRIP = NO;
				DEBUG_INFORMATION_FORMAT = "dwarf-with-dsym";
				ENABLE_NS_ASSERTIONS = NO;
				ENABLE_STRICT_OBJC_MSGSEND = YES;
				GCC_C_LANGUAGE_STANDARD = gnu99;
				GCC_NO_COMMON_BLOCKS = YES;
				GCC_WARN_64_TO_32_BIT_CONVERSION = YES;
				GCC_WARN_ABOUT_RETURN_TYPE = YES_ERROR;
				GCC_WARN_UNDECLARED_SELECTOR = YES;
				GCC_WARN_UNINITIALIZED_AUTOS = YES_AGGRESSIVE;
				GCC_WARN_UNUSED_FUNCTION = YES;
				GCC_WARN_UNUSED_VARIABLE = YES;
				IPHONEOS_DEPLOYMENT_TARGET = 10.2;
				MTL_ENABLE_DEBUG_INFO = NO;
				SDKROOT = iphoneos;
				TARGETED_DEVICE_FAMILY = "1,2";
				VALIDATE_PRODUCT = YES;
			};
			name = Release;
		};
		5439DCDD1E7673D00093BE06 /* Debug */ = {
			isa = XCBuildConfiguration;
			baseConfigurationReference = 069F381C3269A5CC7EE8492E /* Pods-TODOList.debug.xcconfig */;
			buildSettings = {
				ASSETCATALOG_COMPILER_APPICON_NAME = AppIcon;
				DEVELOPMENT_TEAM = XFNRGN873A;
				GCC_PRECOMPILE_PREFIX_HEADER = YES;
				GCC_PREFIX_HEADER = TODOList/PrefixHeader.pch;
				INFOPLIST_FILE = TODOList/Info.plist;
				IPHONEOS_DEPLOYMENT_TARGET = 8.0;
				LD_RUNPATH_SEARCH_PATHS = "$(inherited) @executable_path/Frameworks";
				PRODUCT_BUNDLE_IDENTIFIER = com.yeapp.TODOList;
				PRODUCT_NAME = "$(TARGET_NAME)";
			};
			name = Debug;
		};
		5439DCDE1E7673D00093BE06 /* Release */ = {
			isa = XCBuildConfiguration;
			baseConfigurationReference = BF92F79BF8F0C326AEDB180E /* Pods-TODOList.release.xcconfig */;
			buildSettings = {
				ASSETCATALOG_COMPILER_APPICON_NAME = AppIcon;
				DEVELOPMENT_TEAM = XFNRGN873A;
				GCC_PRECOMPILE_PREFIX_HEADER = YES;
				GCC_PREFIX_HEADER = TODOList/PrefixHeader.pch;
				INFOPLIST_FILE = TODOList/Info.plist;
				IPHONEOS_DEPLOYMENT_TARGET = 8.0;
				LD_RUNPATH_SEARCH_PATHS = "$(inherited) @executable_path/Frameworks";
				PRODUCT_BUNDLE_IDENTIFIER = com.yeapp.TODOList;
				PRODUCT_NAME = "$(TARGET_NAME)";
			};
			name = Release;
		};
		5439DCE01E7673D00093BE06 /* Debug */ = {
			isa = XCBuildConfiguration;
			baseConfigurationReference = 4C3AD4E05396345EAE26075D /* Pods-TODOListTests.debug.xcconfig */;
			buildSettings = {
				BUNDLE_LOADER = "$(TEST_HOST)";
				INFOPLIST_FILE = TODOListTests/Info.plist;
				LD_RUNPATH_SEARCH_PATHS = "$(inherited) @executable_path/Frameworks @loader_path/Frameworks";
				PRODUCT_BUNDLE_IDENTIFIER = com.yeapp.TODOListTests;
				PRODUCT_NAME = "$(TARGET_NAME)";
				TEST_HOST = "$(BUILT_PRODUCTS_DIR)/TODOList.app/TODOList";
			};
			name = Debug;
		};
		5439DCE11E7673D00093BE06 /* Release */ = {
			isa = XCBuildConfiguration;
			baseConfigurationReference = 25524F422AA1EDDD92B4825F /* Pods-TODOListTests.release.xcconfig */;
			buildSettings = {
				BUNDLE_LOADER = "$(TEST_HOST)";
				INFOPLIST_FILE = TODOListTests/Info.plist;
				LD_RUNPATH_SEARCH_PATHS = "$(inherited) @executable_path/Frameworks @loader_path/Frameworks";
				PRODUCT_BUNDLE_IDENTIFIER = com.yeapp.TODOListTests;
				PRODUCT_NAME = "$(TARGET_NAME)";
				TEST_HOST = "$(BUILT_PRODUCTS_DIR)/TODOList.app/TODOList";
			};
			name = Release;
		};
		5439DCE31E7673D00093BE06 /* Debug */ = {
			isa = XCBuildConfiguration;
			baseConfigurationReference = 48B1C33782FFED22C3137F15 /* Pods-TODOListUITests.debug.xcconfig */;
			buildSettings = {
				INFOPLIST_FILE = TODOListUITests/Info.plist;
				LD_RUNPATH_SEARCH_PATHS = "$(inherited) @executable_path/Frameworks @loader_path/Frameworks";
				PRODUCT_BUNDLE_IDENTIFIER = com.yeapp.TODOListUITests;
				PRODUCT_NAME = "$(TARGET_NAME)";
				TEST_TARGET_NAME = TODOList;
			};
			name = Debug;
		};
		5439DCE41E7673D00093BE06 /* Release */ = {
			isa = XCBuildConfiguration;
			baseConfigurationReference = 68C1C035918F67745789D09D /* Pods-TODOListUITests.release.xcconfig */;
			buildSettings = {
				INFOPLIST_FILE = TODOListUITests/Info.plist;
				LD_RUNPATH_SEARCH_PATHS = "$(inherited) @executable_path/Frameworks @loader_path/Frameworks";
				PRODUCT_BUNDLE_IDENTIFIER = com.yeapp.TODOListUITests;
				PRODUCT_NAME = "$(TARGET_NAME)";
				TEST_TARGET_NAME = TODOList;
			};
			name = Release;
		};
/* End XCBuildConfiguration section */

/* Begin XCConfigurationList section */
		5439DCAA1E7673D00093BE06 /* Build configuration list for PBXProject "TODOList" */ = {
			isa = XCConfigurationList;
			buildConfigurations = (
				5439DCDA1E7673D00093BE06 /* Debug */,
				5439DCDB1E7673D00093BE06 /* Release */,
			);
			defaultConfigurationIsVisible = 0;
			defaultConfigurationName = Release;
		};
		5439DCDC1E7673D00093BE06 /* Build configuration list for PBXNativeTarget "TODOList" */ = {
			isa = XCConfigurationList;
			buildConfigurations = (
				5439DCDD1E7673D00093BE06 /* Debug */,
				5439DCDE1E7673D00093BE06 /* Release */,
			);
			defaultConfigurationIsVisible = 0;
			defaultConfigurationName = Release;
		};
		5439DCDF1E7673D00093BE06 /* Build configuration list for PBXNativeTarget "TODOListTests" */ = {
			isa = XCConfigurationList;
			buildConfigurations = (
				5439DCE01E7673D00093BE06 /* Debug */,
				5439DCE11E7673D00093BE06 /* Release */,
			);
			defaultConfigurationIsVisible = 0;
			defaultConfigurationName = Release;
		};
		5439DCE21E7673D00093BE06 /* Build configuration list for PBXNativeTarget "TODOListUITests" */ = {
			isa = XCConfigurationList;
			buildConfigurations = (
				5439DCE31E7673D00093BE06 /* Debug */,
				5439DCE41E7673D00093BE06 /* Release */,
			);
			defaultConfigurationIsVisible = 0;
			defaultConfigurationName = Release;
		};
/* End XCConfigurationList section */
	};
	rootObject = 5439DCA71E7673D00093BE06 /* Project object */;
}
