PODS:
  - Aspects (1.4.1)
  - Bugly (2.4.7)
  - CocoaLumberjack (3.1.0):
    - CocoaLumberjack/Default (= 3.1.0)
    - CocoaLumberjack/Extensions (= 3.1.0)
  - CocoaLumberjack/Default (3.1.0)
  - CocoaLumberjack/Extensions (3.1.0):
    - CocoaLumberjack/Default
  - FCFileManager (1.0.18)
  - FMDB (2.6.2):
    - FMDB/standard (= 2.6.2)
  - FMDB/standard (2.6.2)
  - FSCalendar (2.7.3)
  - IQKeyboardManager (4.0.8)
  - JSPatch (1.1.3):
    - JSPatch/Core (= 1.1.3)
  - JSPatch/Core (1.1.3)
  - JSPatchPlatform (1.6.6):
    - JSPatchPlatform/Core (= 1.6.6)
  - JSPatchPlatform/Core (1.6.6):
    - JSPatch
  - LKDBHelper (2.4.1):
    - FMDB
  - Masonry (1.0.2)
  - SDVersion (4.0.1)
  - SSZipArchive (1.7)
  - UIButton-SSEdgeInsets (0.1.4)
  - UIPlaceholderTextView (0.1.3)
  - UITableView+FDTemplateLayoutCell (1.4)

DEPENDENCIES:
  - Aspects
  - Bugly
  - CocoaLumberjack
  - FCFileManager
  - FSCalendar
  - IQKeyboardManager
  - JSPatchPlatform
  - LKDBHelper
  - Masonry
  - SDVersion
  - SSZipArchive
  - UIButton-SSEdgeInsets
  - UIPlaceholderTextView
  - UITableView+FDTemplateLayoutCell

SPEC CHECKSUMS:
  Aspects: 7595ba96a6727a58ebcbfc954497fc5d2fdde546
  Bugly: 2c256069145f550171907c5cb1c0f84ad291f6c1
  CocoaLumberjack: 8311463ddf9ee86a06ef92a071dd656c89244500
  FCFileManager: 3d13576da1f709d37460bd7669cdf07b9d6d8bc3
  FMDB: 854a0341b4726e53276f2a8996f06f1b80f9259a
  FSCalendar: 574388d70778c22719eed9341653e1743b345573
  IQKeyboardManager: 1a8189fa153bf09044355ee0ad36826f6767e7f7
  JSPatch: 02cfed591cb907bbfe80a346666e5a35fc2d349d
  JSPatchPlatform: 8cc9aaebe21109d5fdfb4500384ddf38ed0990e9
  LKDBHelper: 531581fa6a7d0f14236cc028ce0d277bca73436a
  Masonry: 7c429b56da9d4ee0bbb3ed77a5ea710d6a5df39e
  SDVersion: 6afaf76a7e71d620cc2039f96d4bff3064c129ec
  SSZipArchive: 63f8e11cfcc33e03e4cd666b4359ea8bd6facd0c
  UIButton-SSEdgeInsets: 50d42c7d441d42ea115f84765622f3dea5cadf55
  UIPlaceholderTextView: 9b47dc3e6513b13186932fd265462dfd25679e59
  UITableView+FDTemplateLayoutCell: 234e1582bcc4e18461af91155123bb96538ed030

PODFILE CHECKSUM: 96c240784e0752e6257ae75c718d190dfcb70a90

COCOAPODS: 1.1.1
